
Microsoft Visual Studio Solution File, Format Version 12.00
# Visual Studio 15
VisualStudioVersion = 15.0.33026.149
MinimumVisualStudioVersion = 10.0.40219.1
Project("{FAE04EC0-301F-11D3-BF4B-00C04F79EFBC}") = "MonoProjectMVC", "MonoProjectMVC\MonoProjectMVC.csproj", "{7AB44247-9B4A-4101-B2F2-B04F474A83CC}"
EndProject
Global
	GlobalSection(SolutionConfigurationPlatforms) = preSolution
		Debug|Any CPU = Debug|Any CPU
		Release|Any CPU = Release|Any CPU
	EndGlobalSection
	GlobalSection(ProjectConfigurationPlatforms) = postSolution
		{7AB44247-9B4A-4101-B2F2-B04F474A83CC}.Debug|Any CPU.ActiveCfg = Debug|Any CPU
		{7AB44247-9B4A-4101-B2F2-B04F474A83CC}.Debug|Any CPU.Build.0 = Debug|Any CPU
		{7AB44247-9B4A-4101-B2F2-B04F474A83CC}.Release|Any CPU.ActiveCfg = Release|Any CPU
		{7AB44247-9B4A-4101-B2F2-B04F474A83CC}.Release|Any CPU.Build.0 = Release|Any CPU
	EndGlobalSection
	GlobalSection(SolutionProperties) = preSolution
		HideSolutionNode = FALSE
	EndGlobalSection
	GlobalSection(ExtensibilityGlobals) = postSolution
		SolutionGuid = {173797FD-9CF1-4100-ADCB-30EB67F02EF3}
	EndGlobalSection
EndGlobal
